
Microsoft Visual Studio Solution File, Format Version 12.00
# Visual Studio 15
VisualStudioVersion = 15.0.28307.421
MinimumVisualStudioVersion = 10.0.40219.1
Project("{FAE04EC0-301F-11D3-BF4B-00C04F79EFBC}") = "CastleWindsorDIDemo", "CastleWindsorDIDemo\CastleWindsorDIDemo.csproj", "{8CACD531-22ED-4740-99C1-221FBC5BF18C}"
EndProject
Global
	GlobalSection(SolutionConfigurationPlatforms) = preSolution
		Debug|Any CPU = Debug|Any CPU
		Release|Any CPU = Release|Any CPU
	EndGlobalSection
	GlobalSection(ProjectConfigurationPlatforms) = postSolution
		{8CACD531-22ED-4740-99C1-221FBC5BF18C}.Debug|Any CPU.ActiveCfg = Debug|Any CPU
		{8CACD531-22ED-4740-99C1-221FBC5BF18C}.Debug|Any CPU.Build.0 = Debug|Any CPU
		{8CACD531-22ED-4740-99C1-221FBC5BF18C}.Release|Any CPU.ActiveCfg = Release|Any CPU
		{8CACD531-22ED-4740-99C1-221FBC5BF18C}.Release|Any CPU.Build.0 = Release|Any CPU
	EndGlobalSection
	GlobalSection(SolutionProperties) = preSolution
		HideSolutionNode = FALSE
	EndGlobalSection
	GlobalSection(ExtensibilityGlobals) = postSolution
		SolutionGuid = {1E72B42B-79A6-448C-9487-04E8CCFC4A22}
	EndGlobalSection
EndGlobal
